
Microsoft Visual Studio Solution File, Format Version 12.00
# Visual Studio Version 17
VisualStudioVersion = 17.3.32929.385
MinimumVisualStudioVersion = 10.0.40219.1
Project("{FAE04EC0-301F-11D3-BF4B-00C04F79EFBC}") = "dem_exam_Tourizm_Fedchenko", "dem_exam_Tourizm_Fedchenko\dem_exam_Tourizm_Fedchenko.csproj", "{A2F7D4C3-BAB6-429D-AE74-2A6D10E74F12}"
EndProject
Global
	GlobalSection(SolutionConfigurationPlatforms) = preSolution
		Debug|Any CPU = Debug|Any CPU
		Release|Any CPU = Release|Any CPU
	EndGlobalSection
	GlobalSection(ProjectConfigurationPlatforms) = postSolution
		{A2F7D4C3-BAB6-429D-AE74-2A6D10E74F12}.Debug|Any CPU.ActiveCfg = Debug|Any CPU
		{A2F7D4C3-BAB6-429D-AE74-2A6D10E74F12}.Debug|Any CPU.Build.0 = Debug|Any CPU
		{A2F7D4C3-BAB6-429D-AE74-2A6D10E74F12}.Release|Any CPU.ActiveCfg = Release|Any CPU
		{A2F7D4C3-BAB6-429D-AE74-2A6D10E74F12}.Release|Any CPU.Build.0 = Release|Any CPU
	EndGlobalSection
	GlobalSection(SolutionProperties) = preSolution
		HideSolutionNode = FALSE
	EndGlobalSection
	GlobalSection(ExtensibilityGlobals) = postSolution
		SolutionGuid = {D07F9AB4-E4EE-463B-B01E-7F1B2AD2DB0B}
	EndGlobalSection
EndGlobal
